
Microsoft Visual Studio Solution File, Format Version 12.00
# Visual Studio Version 17
VisualStudioVersion = 17.7.34031.279
MinimumVisualStudioVersion = 10.0.40219.1
Project("{FAE04EC0-301F-11D3-BF4B-00C04F79EFBC}") = "101023_exercicioMatrizes6", "101023_exercicioMatrizes6.csproj", "{5E1BBC47-BEE0-4025-9D05-8945A49E819C}"
EndProject
Global
	GlobalSection(SolutionConfigurationPlatforms) = preSolution
		Debug|Any CPU = Debug|Any CPU
		Release|Any CPU = Release|Any CPU
	EndGlobalSection
	GlobalSection(ProjectConfigurationPlatforms) = postSolution
		{5E1BBC47-BEE0-4025-9D05-8945A49E819C}.Debug|Any CPU.ActiveCfg = Debug|Any CPU
		{5E1BBC47-BEE0-4025-9D05-8945A49E819C}.Debug|Any CPU.Build.0 = Debug|Any CPU
		{5E1BBC47-BEE0-4025-9D05-8945A49E819C}.Release|Any CPU.ActiveCfg = Release|Any CPU
		{5E1BBC47-BEE0-4025-9D05-8945A49E819C}.Release|Any CPU.Build.0 = Release|Any CPU
	EndGlobalSection
	GlobalSection(SolutionProperties) = preSolution
		HideSolutionNode = FALSE
	EndGlobalSection
	GlobalSection(ExtensibilityGlobals) = postSolution
		SolutionGuid = {CF6C5152-1F66-425C-9A1B-3DED3569A7E1}
	EndGlobalSection
EndGlobal
