
Microsoft Visual Studio Solution File, Format Version 12.00
# Visual Studio Version 17
VisualStudioVersion = 17.7.34031.279
MinimumVisualStudioVersion = 10.0.40219.1
Project("{FAE04EC0-301F-11D3-BF4B-00C04F79EFBC}") = "0611_O.O_Abstração", "0611_O.O_Abstração.csproj", "{C7610433-2507-4D5C-84A4-3D173AA89A99}"
EndProject
Global
	GlobalSection(SolutionConfigurationPlatforms) = preSolution
		Debug|Any CPU = Debug|Any CPU
		Release|Any CPU = Release|Any CPU
	EndGlobalSection
	GlobalSection(ProjectConfigurationPlatforms) = postSolution
		{C7610433-2507-4D5C-84A4-3D173AA89A99}.Debug|Any CPU.ActiveCfg = Debug|Any CPU
		{C7610433-2507-4D5C-84A4-3D173AA89A99}.Debug|Any CPU.Build.0 = Debug|Any CPU
		{C7610433-2507-4D5C-84A4-3D173AA89A99}.Release|Any CPU.ActiveCfg = Release|Any CPU
		{C7610433-2507-4D5C-84A4-3D173AA89A99}.Release|Any CPU.Build.0 = Release|Any CPU
	EndGlobalSection
	GlobalSection(SolutionProperties) = preSolution
		HideSolutionNode = FALSE
	EndGlobalSection
	GlobalSection(ExtensibilityGlobals) = postSolution
		SolutionGuid = {890413F8-4D25-4786-BA66-8FEFCFE7732D}
	EndGlobalSection
EndGlobal
