
Microsoft Visual Studio Solution File, Format Version 12.00
# Visual Studio Version 17
VisualStudioVersion = 17.7.34031.279
MinimumVisualStudioVersion = 10.0.40219.1
Project("{FAE04EC0-301F-11D3-BF4B-00C04F79EFBC}") = "091023_exercicioVetores14", "091023_exercicioVetores14.csproj", "{8829CA97-3CC5-4543-B51F-39915CF7A736}"
EndProject
Global
	GlobalSection(SolutionConfigurationPlatforms) = preSolution
		Debug|Any CPU = Debug|Any CPU
		Release|Any CPU = Release|Any CPU
	EndGlobalSection
	GlobalSection(ProjectConfigurationPlatforms) = postSolution
		{8829CA97-3CC5-4543-B51F-39915CF7A736}.Debug|Any CPU.ActiveCfg = Debug|Any CPU
		{8829CA97-3CC5-4543-B51F-39915CF7A736}.Debug|Any CPU.Build.0 = Debug|Any CPU
		{8829CA97-3CC5-4543-B51F-39915CF7A736}.Release|Any CPU.ActiveCfg = Release|Any CPU
		{8829CA97-3CC5-4543-B51F-39915CF7A736}.Release|Any CPU.Build.0 = Release|Any CPU
	EndGlobalSection
	GlobalSection(SolutionProperties) = preSolution
		HideSolutionNode = FALSE
	EndGlobalSection
	GlobalSection(ExtensibilityGlobals) = postSolution
		SolutionGuid = {6B35E17D-2BD7-4AF5-9A33-D8086C7A5F9B}
	EndGlobalSection
EndGlobal
