
Microsoft Visual Studio Solution File, Format Version 12.00
# Visual Studio Version 17
VisualStudioVersion = 17.7.34031.279
MinimumVisualStudioVersion = 10.0.40219.1
Project("{FAE04EC0-301F-11D3-BF4B-00C04F79EFBC}") = "061023_exercicioRepeticao_pt2_14", "061023_exercicioRepeticao_pt2_14.csproj", "{275B35CB-DEDC-4A3A-A819-157C8605BC25}"
EndProject
Global
	GlobalSection(SolutionConfigurationPlatforms) = preSolution
		Debug|Any CPU = Debug|Any CPU
		Release|Any CPU = Release|Any CPU
	EndGlobalSection
	GlobalSection(ProjectConfigurationPlatforms) = postSolution
		{275B35CB-DEDC-4A3A-A819-157C8605BC25}.Debug|Any CPU.ActiveCfg = Debug|Any CPU
		{275B35CB-DEDC-4A3A-A819-157C8605BC25}.Debug|Any CPU.Build.0 = Debug|Any CPU
		{275B35CB-DEDC-4A3A-A819-157C8605BC25}.Release|Any CPU.ActiveCfg = Release|Any CPU
		{275B35CB-DEDC-4A3A-A819-157C8605BC25}.Release|Any CPU.Build.0 = Release|Any CPU
	EndGlobalSection
	GlobalSection(SolutionProperties) = preSolution
		HideSolutionNode = FALSE
	EndGlobalSection
	GlobalSection(ExtensibilityGlobals) = postSolution
		SolutionGuid = {4814A28E-B70A-4C1A-B7C5-69E5D35D4A65}
	EndGlobalSection
EndGlobal
