
Microsoft Visual Studio Solution File, Format Version 12.00
# Visual Studio Version 17
VisualStudioVersion = 17.7.34031.279
MinimumVisualStudioVersion = 10.0.40219.1
Project("{FAE04EC0-301F-11D3-BF4B-00C04F79EFBC}") = "0111ExercicioO.O.1", "0111ExercicioO.O.1.csproj", "{40A8290D-D4A8-475B-8D1A-613CDA3658A0}"
EndProject
Global
	GlobalSection(SolutionConfigurationPlatforms) = preSolution
		Debug|Any CPU = Debug|Any CPU
		Release|Any CPU = Release|Any CPU
	EndGlobalSection
	GlobalSection(ProjectConfigurationPlatforms) = postSolution
		{40A8290D-D4A8-475B-8D1A-613CDA3658A0}.Debug|Any CPU.ActiveCfg = Debug|Any CPU
		{40A8290D-D4A8-475B-8D1A-613CDA3658A0}.Debug|Any CPU.Build.0 = Debug|Any CPU
		{40A8290D-D4A8-475B-8D1A-613CDA3658A0}.Release|Any CPU.ActiveCfg = Release|Any CPU
		{40A8290D-D4A8-475B-8D1A-613CDA3658A0}.Release|Any CPU.Build.0 = Release|Any CPU
	EndGlobalSection
	GlobalSection(SolutionProperties) = preSolution
		HideSolutionNode = FALSE
	EndGlobalSection
	GlobalSection(ExtensibilityGlobals) = postSolution
		SolutionGuid = {3A289123-A890-46E8-98B9-5B2FEFA18B12}
	EndGlobalSection
EndGlobal
