
Microsoft Visual Studio Solution File, Format Version 12.00
# Visual Studio Version 17
VisualStudioVersion = 17.7.34031.279
MinimumVisualStudioVersion = 10.0.40219.1
Project("{FAE04EC0-301F-11D3-BF4B-00C04F79EFBC}") = "101023_exercicioMatrizes16", "101023_exercicioMatrizes16.csproj", "{041946F2-8834-4AE5-B233-6D5299D91BF4}"
EndProject
Global
	GlobalSection(SolutionConfigurationPlatforms) = preSolution
		Debug|Any CPU = Debug|Any CPU
		Release|Any CPU = Release|Any CPU
	EndGlobalSection
	GlobalSection(ProjectConfigurationPlatforms) = postSolution
		{041946F2-8834-4AE5-B233-6D5299D91BF4}.Debug|Any CPU.ActiveCfg = Debug|Any CPU
		{041946F2-8834-4AE5-B233-6D5299D91BF4}.Debug|Any CPU.Build.0 = Debug|Any CPU
		{041946F2-8834-4AE5-B233-6D5299D91BF4}.Release|Any CPU.ActiveCfg = Release|Any CPU
		{041946F2-8834-4AE5-B233-6D5299D91BF4}.Release|Any CPU.Build.0 = Release|Any CPU
	EndGlobalSection
	GlobalSection(SolutionProperties) = preSolution
		HideSolutionNode = FALSE
	EndGlobalSection
	GlobalSection(ExtensibilityGlobals) = postSolution
		SolutionGuid = {D441EB51-C7B7-4175-84DB-8F60C5068D8D}
	EndGlobalSection
EndGlobal
