
Microsoft Visual Studio Solution File, Format Version 12.00
# Visual Studio Version 17
VisualStudioVersion = 17.7.34031.279
MinimumVisualStudioVersion = 10.0.40219.1
Project("{FAE04EC0-301F-11D3-BF4B-00C04F79EFBC}") = "1810ExercicioFuncoes4", "1810ExercicioFuncoes4.csproj", "{F70A4187-4347-4C86-B760-E982B34824F8}"
EndProject
Global
	GlobalSection(SolutionConfigurationPlatforms) = preSolution
		Debug|Any CPU = Debug|Any CPU
		Release|Any CPU = Release|Any CPU
	EndGlobalSection
	GlobalSection(ProjectConfigurationPlatforms) = postSolution
		{F70A4187-4347-4C86-B760-E982B34824F8}.Debug|Any CPU.ActiveCfg = Debug|Any CPU
		{F70A4187-4347-4C86-B760-E982B34824F8}.Debug|Any CPU.Build.0 = Debug|Any CPU
		{F70A4187-4347-4C86-B760-E982B34824F8}.Release|Any CPU.ActiveCfg = Release|Any CPU
		{F70A4187-4347-4C86-B760-E982B34824F8}.Release|Any CPU.Build.0 = Release|Any CPU
	EndGlobalSection
	GlobalSection(SolutionProperties) = preSolution
		HideSolutionNode = FALSE
	EndGlobalSection
	GlobalSection(ExtensibilityGlobals) = postSolution
		SolutionGuid = {CF3447BA-2DAE-4C34-8E72-CC179842C56A}
	EndGlobalSection
EndGlobal
