
Microsoft Visual Studio Solution File, Format Version 12.00
# Visual Studio Version 17
VisualStudioVersion = 17.7.34031.279
MinimumVisualStudioVersion = 10.0.40219.1
Project("{FAE04EC0-301F-11D3-BF4B-00C04F79EFBC}") = "101023_exercicioMatrizes3", "101023_exercicioMatrizes3.csproj", "{C4DD82AC-E99C-4BC4-8CDC-BA8938C93ABD}"
EndProject
Global
	GlobalSection(SolutionConfigurationPlatforms) = preSolution
		Debug|Any CPU = Debug|Any CPU
		Release|Any CPU = Release|Any CPU
	EndGlobalSection
	GlobalSection(ProjectConfigurationPlatforms) = postSolution
		{C4DD82AC-E99C-4BC4-8CDC-BA8938C93ABD}.Debug|Any CPU.ActiveCfg = Debug|Any CPU
		{C4DD82AC-E99C-4BC4-8CDC-BA8938C93ABD}.Debug|Any CPU.Build.0 = Debug|Any CPU
		{C4DD82AC-E99C-4BC4-8CDC-BA8938C93ABD}.Release|Any CPU.ActiveCfg = Release|Any CPU
		{C4DD82AC-E99C-4BC4-8CDC-BA8938C93ABD}.Release|Any CPU.Build.0 = Release|Any CPU
	EndGlobalSection
	GlobalSection(SolutionProperties) = preSolution
		HideSolutionNode = FALSE
	EndGlobalSection
	GlobalSection(ExtensibilityGlobals) = postSolution
		SolutionGuid = {3D00DB4F-43F9-4E3D-9C7C-C0690AB0BD81}
	EndGlobalSection
EndGlobal
