
Microsoft Visual Studio Solution File, Format Version 12.00
# Visual Studio Version 17
VisualStudioVersion = 17.7.34031.279
MinimumVisualStudioVersion = 10.0.40219.1
Project("{FAE04EC0-301F-11D3-BF4B-00C04F79EFBC}") = "051023ExercicioRepetição", "051023ExercicioRepetição.csproj", "{7C7FF44E-242E-40CD-8028-17A6EBEFB0D4}"
EndProject
Global
	GlobalSection(SolutionConfigurationPlatforms) = preSolution
		Debug|Any CPU = Debug|Any CPU
		Release|Any CPU = Release|Any CPU
	EndGlobalSection
	GlobalSection(ProjectConfigurationPlatforms) = postSolution
		{7C7FF44E-242E-40CD-8028-17A6EBEFB0D4}.Debug|Any CPU.ActiveCfg = Debug|Any CPU
		{7C7FF44E-242E-40CD-8028-17A6EBEFB0D4}.Debug|Any CPU.Build.0 = Debug|Any CPU
		{7C7FF44E-242E-40CD-8028-17A6EBEFB0D4}.Release|Any CPU.ActiveCfg = Release|Any CPU
		{7C7FF44E-242E-40CD-8028-17A6EBEFB0D4}.Release|Any CPU.Build.0 = Release|Any CPU
	EndGlobalSection
	GlobalSection(SolutionProperties) = preSolution
		HideSolutionNode = FALSE
	EndGlobalSection
	GlobalSection(ExtensibilityGlobals) = postSolution
		SolutionGuid = {A3DE11DD-E83D-4FDE-B11B-FBCF8A2B92D4}
	EndGlobalSection
EndGlobal
