
Microsoft Visual Studio Solution File, Format Version 12.00
# Visual Studio Version 17
VisualStudioVersion = 17.7.34031.279
MinimumVisualStudioVersion = 10.0.40219.1
Project("{FAE04EC0-301F-11D3-BF4B-00C04F79EFBC}") = "061023_exercicioRepeticao_pt2_13", "061023_exercicioRepeticao_pt2_13.csproj", "{3616389A-EC58-40E9-804D-B20E1A04BE78}"
EndProject
Global
	GlobalSection(SolutionConfigurationPlatforms) = preSolution
		Debug|Any CPU = Debug|Any CPU
		Release|Any CPU = Release|Any CPU
	EndGlobalSection
	GlobalSection(ProjectConfigurationPlatforms) = postSolution
		{3616389A-EC58-40E9-804D-B20E1A04BE78}.Debug|Any CPU.ActiveCfg = Debug|Any CPU
		{3616389A-EC58-40E9-804D-B20E1A04BE78}.Debug|Any CPU.Build.0 = Debug|Any CPU
		{3616389A-EC58-40E9-804D-B20E1A04BE78}.Release|Any CPU.ActiveCfg = Release|Any CPU
		{3616389A-EC58-40E9-804D-B20E1A04BE78}.Release|Any CPU.Build.0 = Release|Any CPU
	EndGlobalSection
	GlobalSection(SolutionProperties) = preSolution
		HideSolutionNode = FALSE
	EndGlobalSection
	GlobalSection(ExtensibilityGlobals) = postSolution
		SolutionGuid = {6EC78F9D-9A4B-4818-8A32-F4E95462DB2E}
	EndGlobalSection
EndGlobal
