
Microsoft Visual Studio Solution File, Format Version 12.00
# Visual Studio Version 17
VisualStudioVersion = 17.7.34031.279
MinimumVisualStudioVersion = 10.0.40219.1
Project("{FAE04EC0-301F-11D3-BF4B-00C04F79EFBC}") = "091023_exercicioVetores7", "091023_exercicioVetores7.csproj", "{6FD8E131-03BA-4CF4-BCA4-116A797FE42C}"
EndProject
Global
	GlobalSection(SolutionConfigurationPlatforms) = preSolution
		Debug|Any CPU = Debug|Any CPU
		Release|Any CPU = Release|Any CPU
	EndGlobalSection
	GlobalSection(ProjectConfigurationPlatforms) = postSolution
		{6FD8E131-03BA-4CF4-BCA4-116A797FE42C}.Debug|Any CPU.ActiveCfg = Debug|Any CPU
		{6FD8E131-03BA-4CF4-BCA4-116A797FE42C}.Debug|Any CPU.Build.0 = Debug|Any CPU
		{6FD8E131-03BA-4CF4-BCA4-116A797FE42C}.Release|Any CPU.ActiveCfg = Release|Any CPU
		{6FD8E131-03BA-4CF4-BCA4-116A797FE42C}.Release|Any CPU.Build.0 = Release|Any CPU
	EndGlobalSection
	GlobalSection(SolutionProperties) = preSolution
		HideSolutionNode = FALSE
	EndGlobalSection
	GlobalSection(ExtensibilityGlobals) = postSolution
		SolutionGuid = {6A3AD1B6-EED4-4CB2-BF93-DABC612D7951}
	EndGlobalSection
EndGlobal
