
Microsoft Visual Studio Solution File, Format Version 12.00
# Visual Studio Version 17
VisualStudioVersion = 17.7.34031.279
MinimumVisualStudioVersion = 10.0.40219.1
Project("{FAE04EC0-301F-11D3-BF4B-00C04F79EFBC}") = "061023_exercicioRepeticao_pt2_12", "061023_exercicioRepeticao_pt2_12.csproj", "{EDE56D90-E09F-4338-B490-50D24C8EDE0F}"
EndProject
Global
	GlobalSection(SolutionConfigurationPlatforms) = preSolution
		Debug|Any CPU = Debug|Any CPU
		Release|Any CPU = Release|Any CPU
	EndGlobalSection
	GlobalSection(ProjectConfigurationPlatforms) = postSolution
		{EDE56D90-E09F-4338-B490-50D24C8EDE0F}.Debug|Any CPU.ActiveCfg = Debug|Any CPU
		{EDE56D90-E09F-4338-B490-50D24C8EDE0F}.Debug|Any CPU.Build.0 = Debug|Any CPU
		{EDE56D90-E09F-4338-B490-50D24C8EDE0F}.Release|Any CPU.ActiveCfg = Release|Any CPU
		{EDE56D90-E09F-4338-B490-50D24C8EDE0F}.Release|Any CPU.Build.0 = Release|Any CPU
	EndGlobalSection
	GlobalSection(SolutionProperties) = preSolution
		HideSolutionNode = FALSE
	EndGlobalSection
	GlobalSection(ExtensibilityGlobals) = postSolution
		SolutionGuid = {52E31FB3-53CE-481A-BD69-BDB21D236139}
	EndGlobalSection
EndGlobal
