
Microsoft Visual Studio Solution File, Format Version 12.00
# Visual Studio Version 17
VisualStudioVersion = 17.7.34031.279
MinimumVisualStudioVersion = 10.0.40219.1
Project("{FAE04EC0-301F-11D3-BF4B-00C04F79EFBC}") = "091023_exercicioVetores9", "091023_exercicioVetores9.csproj", "{4D0E4581-E906-4C60-A4C5-D40EF426850D}"
EndProject
Global
	GlobalSection(SolutionConfigurationPlatforms) = preSolution
		Debug|Any CPU = Debug|Any CPU
		Release|Any CPU = Release|Any CPU
	EndGlobalSection
	GlobalSection(ProjectConfigurationPlatforms) = postSolution
		{4D0E4581-E906-4C60-A4C5-D40EF426850D}.Debug|Any CPU.ActiveCfg = Debug|Any CPU
		{4D0E4581-E906-4C60-A4C5-D40EF426850D}.Debug|Any CPU.Build.0 = Debug|Any CPU
		{4D0E4581-E906-4C60-A4C5-D40EF426850D}.Release|Any CPU.ActiveCfg = Release|Any CPU
		{4D0E4581-E906-4C60-A4C5-D40EF426850D}.Release|Any CPU.Build.0 = Release|Any CPU
	EndGlobalSection
	GlobalSection(SolutionProperties) = preSolution
		HideSolutionNode = FALSE
	EndGlobalSection
	GlobalSection(ExtensibilityGlobals) = postSolution
		SolutionGuid = {566273D2-F953-42C1-A834-080C4F05ABE9}
	EndGlobalSection
EndGlobal
