
Microsoft Visual Studio Solution File, Format Version 12.00
# Visual Studio Version 17
VisualStudioVersion = 17.7.34031.279
MinimumVisualStudioVersion = 10.0.40219.1
Project("{FAE04EC0-301F-11D3-BF4B-00C04F79EFBC}") = "2610ExercicioOrient.Obj.1", "2610ExercicioOrient.Obj.1.csproj", "{B08C51F9-BE30-4A07-8AE4-FC9E2AF2F332}"
EndProject
Global
	GlobalSection(SolutionConfigurationPlatforms) = preSolution
		Debug|Any CPU = Debug|Any CPU
		Release|Any CPU = Release|Any CPU
	EndGlobalSection
	GlobalSection(ProjectConfigurationPlatforms) = postSolution
		{B08C51F9-BE30-4A07-8AE4-FC9E2AF2F332}.Debug|Any CPU.ActiveCfg = Debug|Any CPU
		{B08C51F9-BE30-4A07-8AE4-FC9E2AF2F332}.Debug|Any CPU.Build.0 = Debug|Any CPU
		{B08C51F9-BE30-4A07-8AE4-FC9E2AF2F332}.Release|Any CPU.ActiveCfg = Release|Any CPU
		{B08C51F9-BE30-4A07-8AE4-FC9E2AF2F332}.Release|Any CPU.Build.0 = Release|Any CPU
	EndGlobalSection
	GlobalSection(SolutionProperties) = preSolution
		HideSolutionNode = FALSE
	EndGlobalSection
	GlobalSection(ExtensibilityGlobals) = postSolution
		SolutionGuid = {D56CBEE9-943F-427B-B289-D538C7C51C67}
	EndGlobalSection
EndGlobal
