
Microsoft Visual Studio Solution File, Format Version 12.00
# Visual Studio Version 17
VisualStudioVersion = 17.7.34031.279
MinimumVisualStudioVersion = 10.0.40219.1
Project("{FAE04EC0-301F-11D3-BF4B-00C04F79EFBC}") = "SELECT041023", "SELECT041023.csproj", "{8C9A59D9-22F8-4512-82B8-3EBA8A96947E}"
EndProject
Global
	GlobalSection(SolutionConfigurationPlatforms) = preSolution
		Debug|Any CPU = Debug|Any CPU
		Release|Any CPU = Release|Any CPU
	EndGlobalSection
	GlobalSection(ProjectConfigurationPlatforms) = postSolution
		{8C9A59D9-22F8-4512-82B8-3EBA8A96947E}.Debug|Any CPU.ActiveCfg = Debug|Any CPU
		{8C9A59D9-22F8-4512-82B8-3EBA8A96947E}.Debug|Any CPU.Build.0 = Debug|Any CPU
		{8C9A59D9-22F8-4512-82B8-3EBA8A96947E}.Release|Any CPU.ActiveCfg = Release|Any CPU
		{8C9A59D9-22F8-4512-82B8-3EBA8A96947E}.Release|Any CPU.Build.0 = Release|Any CPU
	EndGlobalSection
	GlobalSection(SolutionProperties) = preSolution
		HideSolutionNode = FALSE
	EndGlobalSection
	GlobalSection(ExtensibilityGlobals) = postSolution
		SolutionGuid = {4DA5FEDC-4451-49FF-822F-A06DAD1E8D05}
	EndGlobalSection
EndGlobal
