
Microsoft Visual Studio Solution File, Format Version 12.00
# Visual Studio Version 17
VisualStudioVersion = 17.7.34031.279
MinimumVisualStudioVersion = 10.0.40219.1
Project("{FAE04EC0-301F-11D3-BF4B-00C04F79EFBC}") = "091023_exercicioVetores3", "091023_exercicioVetores3.csproj", "{83220160-9FD1-4F02-BCA4-E99F582A2EB4}"
EndProject
Global
	GlobalSection(SolutionConfigurationPlatforms) = preSolution
		Debug|Any CPU = Debug|Any CPU
		Release|Any CPU = Release|Any CPU
	EndGlobalSection
	GlobalSection(ProjectConfigurationPlatforms) = postSolution
		{83220160-9FD1-4F02-BCA4-E99F582A2EB4}.Debug|Any CPU.ActiveCfg = Debug|Any CPU
		{83220160-9FD1-4F02-BCA4-E99F582A2EB4}.Debug|Any CPU.Build.0 = Debug|Any CPU
		{83220160-9FD1-4F02-BCA4-E99F582A2EB4}.Release|Any CPU.ActiveCfg = Release|Any CPU
		{83220160-9FD1-4F02-BCA4-E99F582A2EB4}.Release|Any CPU.Build.0 = Release|Any CPU
	EndGlobalSection
	GlobalSection(SolutionProperties) = preSolution
		HideSolutionNode = FALSE
	EndGlobalSection
	GlobalSection(ExtensibilityGlobals) = postSolution
		SolutionGuid = {F032445B-5BC0-4C5C-9F70-D6B9A0985915}
	EndGlobalSection
EndGlobal
