
Microsoft Visual Studio Solution File, Format Version 12.00
# Visual Studio Version 17
VisualStudioVersion = 17.7.34031.279
MinimumVisualStudioVersion = 10.0.40219.1
Project("{FAE04EC0-301F-11D3-BF4B-00C04F79EFBC}") = "061023_exercicioRepeticao_pt2_5", "061023_exercicioRepeticao_pt2_5.csproj", "{6E3E5FE8-AD14-4164-8F29-7B1AB0133A5F}"
EndProject
Global
	GlobalSection(SolutionConfigurationPlatforms) = preSolution
		Debug|Any CPU = Debug|Any CPU
		Release|Any CPU = Release|Any CPU
	EndGlobalSection
	GlobalSection(ProjectConfigurationPlatforms) = postSolution
		{6E3E5FE8-AD14-4164-8F29-7B1AB0133A5F}.Debug|Any CPU.ActiveCfg = Debug|Any CPU
		{6E3E5FE8-AD14-4164-8F29-7B1AB0133A5F}.Debug|Any CPU.Build.0 = Debug|Any CPU
		{6E3E5FE8-AD14-4164-8F29-7B1AB0133A5F}.Release|Any CPU.ActiveCfg = Release|Any CPU
		{6E3E5FE8-AD14-4164-8F29-7B1AB0133A5F}.Release|Any CPU.Build.0 = Release|Any CPU
	EndGlobalSection
	GlobalSection(SolutionProperties) = preSolution
		HideSolutionNode = FALSE
	EndGlobalSection
	GlobalSection(ExtensibilityGlobals) = postSolution
		SolutionGuid = {756CE236-5863-4ADB-AF81-5373CB91D94F}
	EndGlobalSection
EndGlobal
