
Microsoft Visual Studio Solution File, Format Version 12.00
# Visual Studio Version 17
VisualStudioVersion = 17.7.34031.279
MinimumVisualStudioVersion = 10.0.40219.1
Project("{FAE04EC0-301F-11D3-BF4B-00C04F79EFBC}") = "0111ExercicioO.O.4", "0111ExercicioO.O.4.csproj", "{2FA53C42-DEEC-4B5F-9137-56E3BF389800}"
EndProject
Global
	GlobalSection(SolutionConfigurationPlatforms) = preSolution
		Debug|Any CPU = Debug|Any CPU
		Release|Any CPU = Release|Any CPU
	EndGlobalSection
	GlobalSection(ProjectConfigurationPlatforms) = postSolution
		{2FA53C42-DEEC-4B5F-9137-56E3BF389800}.Debug|Any CPU.ActiveCfg = Debug|Any CPU
		{2FA53C42-DEEC-4B5F-9137-56E3BF389800}.Debug|Any CPU.Build.0 = Debug|Any CPU
		{2FA53C42-DEEC-4B5F-9137-56E3BF389800}.Release|Any CPU.ActiveCfg = Release|Any CPU
		{2FA53C42-DEEC-4B5F-9137-56E3BF389800}.Release|Any CPU.Build.0 = Release|Any CPU
	EndGlobalSection
	GlobalSection(SolutionProperties) = preSolution
		HideSolutionNode = FALSE
	EndGlobalSection
	GlobalSection(ExtensibilityGlobals) = postSolution
		SolutionGuid = {DFD0AABE-2B04-47AF-A723-5D442EBD7A4C}
	EndGlobalSection
EndGlobal
