
Microsoft Visual Studio Solution File, Format Version 12.00
# Visual Studio Version 17
VisualStudioVersion = 17.7.34031.279
MinimumVisualStudioVersion = 10.0.40219.1
Project("{FAE04EC0-301F-11D3-BF4B-00C04F79EFBC}") = "1810ExercicioFuncoes7", "1810ExercicioFuncoes7.csproj", "{E99A3D36-DC24-4407-8208-F57275062FB4}"
EndProject
Global
	GlobalSection(SolutionConfigurationPlatforms) = preSolution
		Debug|Any CPU = Debug|Any CPU
		Release|Any CPU = Release|Any CPU
	EndGlobalSection
	GlobalSection(ProjectConfigurationPlatforms) = postSolution
		{E99A3D36-DC24-4407-8208-F57275062FB4}.Debug|Any CPU.ActiveCfg = Debug|Any CPU
		{E99A3D36-DC24-4407-8208-F57275062FB4}.Debug|Any CPU.Build.0 = Debug|Any CPU
		{E99A3D36-DC24-4407-8208-F57275062FB4}.Release|Any CPU.ActiveCfg = Release|Any CPU
		{E99A3D36-DC24-4407-8208-F57275062FB4}.Release|Any CPU.Build.0 = Release|Any CPU
	EndGlobalSection
	GlobalSection(SolutionProperties) = preSolution
		HideSolutionNode = FALSE
	EndGlobalSection
	GlobalSection(ExtensibilityGlobals) = postSolution
		SolutionGuid = {BB4EBDEE-74C1-42D5-ABA7-25EF5FBB7E71}
	EndGlobalSection
EndGlobal
