
Microsoft Visual Studio Solution File, Format Version 12.00
# Visual Studio Version 17
VisualStudioVersion = 17.7.34031.279
MinimumVisualStudioVersion = 10.0.40219.1
Project("{FAE04EC0-301F-11D3-BF4B-00C04F79EFBC}") = "051023ExercicioRepetição7", "051023ExercicioRepetição7.csproj", "{8A711CA6-4D27-4B04-BC09-1E69EBAE7E13}"
EndProject
Global
	GlobalSection(SolutionConfigurationPlatforms) = preSolution
		Debug|Any CPU = Debug|Any CPU
		Release|Any CPU = Release|Any CPU
	EndGlobalSection
	GlobalSection(ProjectConfigurationPlatforms) = postSolution
		{8A711CA6-4D27-4B04-BC09-1E69EBAE7E13}.Debug|Any CPU.ActiveCfg = Debug|Any CPU
		{8A711CA6-4D27-4B04-BC09-1E69EBAE7E13}.Debug|Any CPU.Build.0 = Debug|Any CPU
		{8A711CA6-4D27-4B04-BC09-1E69EBAE7E13}.Release|Any CPU.ActiveCfg = Release|Any CPU
		{8A711CA6-4D27-4B04-BC09-1E69EBAE7E13}.Release|Any CPU.Build.0 = Release|Any CPU
	EndGlobalSection
	GlobalSection(SolutionProperties) = preSolution
		HideSolutionNode = FALSE
	EndGlobalSection
	GlobalSection(ExtensibilityGlobals) = postSolution
		SolutionGuid = {1F62C0E9-53AE-4E95-8E93-D24FF3A15A13}
	EndGlobalSection
EndGlobal
