
Microsoft Visual Studio Solution File, Format Version 12.00
# Visual Studio Version 17
VisualStudioVersion = 17.7.34031.279
MinimumVisualStudioVersion = 10.0.40219.1
Project("{FAE04EC0-301F-11D3-BF4B-00C04F79EFBC}") = "2610ExercicioO.O.1", "2610ExercicioO.O.1.csproj", "{571CFB6F-5EE6-469F-962B-9F5C35267077}"
EndProject
Global
	GlobalSection(SolutionConfigurationPlatforms) = preSolution
		Debug|Any CPU = Debug|Any CPU
		Release|Any CPU = Release|Any CPU
	EndGlobalSection
	GlobalSection(ProjectConfigurationPlatforms) = postSolution
		{571CFB6F-5EE6-469F-962B-9F5C35267077}.Debug|Any CPU.ActiveCfg = Debug|Any CPU
		{571CFB6F-5EE6-469F-962B-9F5C35267077}.Debug|Any CPU.Build.0 = Debug|Any CPU
		{571CFB6F-5EE6-469F-962B-9F5C35267077}.Release|Any CPU.ActiveCfg = Release|Any CPU
		{571CFB6F-5EE6-469F-962B-9F5C35267077}.Release|Any CPU.Build.0 = Release|Any CPU
	EndGlobalSection
	GlobalSection(SolutionProperties) = preSolution
		HideSolutionNode = FALSE
	EndGlobalSection
	GlobalSection(ExtensibilityGlobals) = postSolution
		SolutionGuid = {92478848-A677-45D3-8053-9CDFE90CE863}
	EndGlobalSection
EndGlobal
