
Microsoft Visual Studio Solution File, Format Version 12.00
# Visual Studio Version 17
VisualStudioVersion = 17.7.34031.279
MinimumVisualStudioVersion = 10.0.40219.1
Project("{FAE04EC0-301F-11D3-BF4B-00C04F79EFBC}") = "0611_O.O_Abstração3", "0611_O.O_Abstração3.csproj", "{33A795B1-5B0F-42A8-B9F6-04366A2AF602}"
EndProject
Global
	GlobalSection(SolutionConfigurationPlatforms) = preSolution
		Debug|Any CPU = Debug|Any CPU
		Release|Any CPU = Release|Any CPU
	EndGlobalSection
	GlobalSection(ProjectConfigurationPlatforms) = postSolution
		{33A795B1-5B0F-42A8-B9F6-04366A2AF602}.Debug|Any CPU.ActiveCfg = Debug|Any CPU
		{33A795B1-5B0F-42A8-B9F6-04366A2AF602}.Debug|Any CPU.Build.0 = Debug|Any CPU
		{33A795B1-5B0F-42A8-B9F6-04366A2AF602}.Release|Any CPU.ActiveCfg = Release|Any CPU
		{33A795B1-5B0F-42A8-B9F6-04366A2AF602}.Release|Any CPU.Build.0 = Release|Any CPU
	EndGlobalSection
	GlobalSection(SolutionProperties) = preSolution
		HideSolutionNode = FALSE
	EndGlobalSection
	GlobalSection(ExtensibilityGlobals) = postSolution
		SolutionGuid = {560CFA0C-5ED3-4203-A719-3C29ADF701A1}
	EndGlobalSection
EndGlobal
